
Microsoft Visual Studio Solution File, Format Version 12.00
# Visual Studio Version 16
VisualStudioVersion = 16.0.33214.272
MinimumVisualStudioVersion = 10.0.40219.1
Project("{FAE04EC0-301F-11D3-BF4B-00C04F79EFBC}") = "DnDSpellbook", "DnDSpellbook.csproj", "{857129C4-9F65-4B63-8638-649521A9561E}"
EndProject
Global
	GlobalSection(SolutionConfigurationPlatforms) = preSolution
		Debug|Any CPU = Debug|Any CPU
		Release|Any CPU = Release|Any CPU
	EndGlobalSection
	GlobalSection(ProjectConfigurationPlatforms) = postSolution
		{857129C4-9F65-4B63-8638-649521A9561E}.Debug|Any CPU.ActiveCfg = Debug|Any CPU
		{857129C4-9F65-4B63-8638-649521A9561E}.Debug|Any CPU.Build.0 = Debug|Any CPU
		{857129C4-9F65-4B63-8638-649521A9561E}.Release|Any CPU.ActiveCfg = Release|Any CPU
		{857129C4-9F65-4B63-8638-649521A9561E}.Release|Any CPU.Build.0 = Release|Any CPU
	EndGlobalSection
	GlobalSection(SolutionProperties) = preSolution
		HideSolutionNode = FALSE
	EndGlobalSection
	GlobalSection(ExtensibilityGlobals) = postSolution
		SolutionGuid = {7BCB552F-AC11-47E5-8DCA-B8E40D5A7211}
	EndGlobalSection
EndGlobal
